// !$*UTF8*$!
{
	archiveVersion = 1;
	classes = {
	};
	objectVersion = 56;
	objects = {

/* Begin PBXBuildFile section */
		4A7E3CDD8E8F52D0C74ADFCB /* Pods_Biondaeng.framework in Frameworks */ = {isa = PBXBuildFile; fileRef = 704449A191F66F05797964CC /* Pods_Biondaeng.framework */; };
		540F935A2C33272A00B03FC8 /* WelcomeViewController.swift in Sources */ = {isa = PBXBuildFile; fileRef = 540F93592C33272A00B03FC8 /* WelcomeViewController.swift */; };
		54BAF7FA2C305D54007584B7 /* AppDelegate.swift in Sources */ = {isa = PBXBuildFile; fileRef = 54BAF7F92C305D54007584B7 /* AppDelegate.swift */; };
		54BAF7FC2C305D54007584B7 /* SceneDelegate.swift in Sources */ = {isa = PBXBuildFile; fileRef = 54BAF7FB2C305D54007584B7 /* SceneDelegate.swift */; };
		54BAF8012C305D54007584B7 /* Base in Resources */ = {isa = PBXBuildFile; fileRef = 54BAF8002C305D54007584B7 /* Base */; };
		54BAF8032C305D55007584B7 /* Assets.xcassets in Resources */ = {isa = PBXBuildFile; fileRef = 54BAF8022C305D55007584B7 /* Assets.xcassets */; };
		54BAF8062C305D55007584B7 /* Base in Resources */ = {isa = PBXBuildFile; fileRef = 54BAF8052C305D55007584B7 /* Base */; };
		54F95ACF2C330BB80016E655 /* Pretendard-SemiBold.otf in Resources */ = {isa = PBXBuildFile; fileRef = 54F95ACE2C330BB80016E655 /* Pretendard-SemiBold.otf */; };
/* End PBXBuildFile section */

/* Begin PBXFileReference section */
		540F93592C33272A00B03FC8 /* WelcomeViewController.swift */ = {isa = PBXFileReference; lastKnownFileType = sourcecode.swift; path = WelcomeViewController.swift; sourceTree = "<group>"; };
		54BAF7F62C305D54007584B7 /* Biondaeng.app */ = {isa = PBXFileReference; explicitFileType = wrapper.application; includeInIndex = 0; path = Biondaeng.app; sourceTree = BUILT_PRODUCTS_DIR; };
		54BAF7F92C305D54007584B7 /* AppDelegate.swift */ = {isa = PBXFileReference; lastKnownFileType = sourcecode.swift; path = AppDelegate.swift; sourceTree = "<group>"; };
		54BAF7FB2C305D54007584B7 /* SceneDelegate.swift */ = {isa = PBXFileReference; lastKnownFileType = sourcecode.swift; path = SceneDelegate.swift; sourceTree = "<group>"; };
		54BAF8002C305D54007584B7 /* Base */ = {isa = PBXFileReference; lastKnownFileType = file.storyboard; name = Base; path = Base.lproj/Main.storyboard; sourceTree = "<group>"; };
		54BAF8022C305D55007584B7 /* Assets.xcassets */ = {isa = PBXFileReference; lastKnownFileType = folder.assetcatalog; path = Assets.xcassets; sourceTree = "<group>"; };
		54BAF8052C305D55007584B7 /* Base */ = {isa = PBXFileReference; lastKnownFileType = file.storyboard; name = Base; path = Base.lproj/LaunchScreen.storyboard; sourceTree = "<group>"; };
		54BAF8072C305D55007584B7 /* Info.plist */ = {isa = PBXFileReference; lastKnownFileType = text.plist.xml; path = Info.plist; sourceTree = "<group>"; };
		54F95ACE2C330BB80016E655 /* Pretendard-SemiBold.otf */ = {isa = PBXFileReference; lastKnownFileType = file; path = "Pretendard-SemiBold.otf"; sourceTree = "<group>"; };
		704449A191F66F05797964CC /* Pods_Biondaeng.framework */ = {isa = PBXFileReference; explicitFileType = wrapper.framework; includeInIndex = 0; path = Pods_Biondaeng.framework; sourceTree = BUILT_PRODUCTS_DIR; };
		FB6AEC6C2F5D6B6245D014AE /* Pods-Biondaeng.release.xcconfig */ = {isa = PBXFileReference; includeInIndex = 1; lastKnownFileType = text.xcconfig; name = "Pods-Biondaeng.release.xcconfig"; path = "Target Support Files/Pods-Biondaeng/Pods-Biondaeng.release.xcconfig"; sourceTree = "<group>"; };
		FF1A760C208DB9BE80150829 /* Pods-Biondaeng.debug.xcconfig */ = {isa = PBXFileReference; includeInIndex = 1; lastKnownFileType = text.xcconfig; name = "Pods-Biondaeng.debug.xcconfig"; path = "Target Support Files/Pods-Biondaeng/Pods-Biondaeng.debug.xcconfig"; sourceTree = "<group>"; };
/* End PBXFileReference section */

/* Begin PBXFrameworksBuildPhase section */
		54BAF7F32C305D54007584B7 /* Frameworks */ = {
			isa = PBXFrameworksBuildPhase;
			buildActionMask = 2147483647;
			files = (
				4A7E3CDD8E8F52D0C74ADFCB /* Pods_Biondaeng.framework in Frameworks */,
			);
			runOnlyForDeploymentPostprocessing = 0;
		};
/* End PBXFrameworksBuildPhase section */

/* Begin PBXGroup section */
		1FE3517703993656D13A1121 /* Pods */ = {
			isa = PBXGroup;
			children = (
				FF1A760C208DB9BE80150829 /* Pods-Biondaeng.debug.xcconfig */,
				FB6AEC6C2F5D6B6245D014AE /* Pods-Biondaeng.release.xcconfig */,
			);
			path = Pods;
			sourceTree = "<group>";
		};
		540F935B2C33273800B03FC8 /* ViewController */ = {
			isa = PBXGroup;
			children = (
				540F93592C33272A00B03FC8 /* WelcomeViewController.swift */,
			);
			path = ViewController;
			sourceTree = "<group>";
		};
		54BAF7ED2C305D54007584B7 = {
			isa = PBXGroup;
			children = (
				54BAF7F82C305D54007584B7 /* Biondaeng */,
				54BAF7F72C305D54007584B7 /* Products */,
				1FE3517703993656D13A1121 /* Pods */,
				DC4123C1B25802E295E4E238 /* Frameworks */,
			);
			sourceTree = "<group>";
		};
		54BAF7F72C305D54007584B7 /* Products */ = {
			isa = PBXGroup;
			children = (
				54BAF7F62C305D54007584B7 /* Biondaeng.app */,
			);
			name = Products;
			sourceTree = "<group>";
		};
		54BAF7F82C305D54007584B7 /* Biondaeng */ = {
			isa = PBXGroup;
			children = (
				54BAF7F92C305D54007584B7 /* AppDelegate.swift */,
				54BAF7FB2C305D54007584B7 /* SceneDelegate.swift */,
				54BAF7FF2C305D54007584B7 /* Main.storyboard */,
				54BAF8022C305D55007584B7 /* Assets.xcassets */,
				54BAF8042C305D55007584B7 /* LaunchScreen.storyboard */,
				54BAF8072C305D55007584B7 /* Info.plist */,
				540F935B2C33273800B03FC8 /* ViewController */,
				54FCBE772C330D6300EAE4A2 /* Fonts */,
			);
			path = Biondaeng;
			sourceTree = "<group>";
		};
		54FCBE772C330D6300EAE4A2 /* Fonts */ = {
			isa = PBXGroup;
			children = (
				54F95ACE2C330BB80016E655 /* Pretendard-SemiBold.otf */,
			);
			path = Fonts;
			sourceTree = "<group>";
		};
		DC4123C1B25802E295E4E238 /* Frameworks */ = {
			isa = PBXGroup;
			children = (
				704449A191F66F05797964CC /* Pods_Biondaeng.framework */,
			);
			name = Frameworks;
			sourceTree = "<group>";
		};
/* End PBXGroup section */

/* Begin PBXNativeTarget section */
		54BAF7F52C305D54007584B7 /* Biondaeng */ = {
			isa = PBXNativeTarget;
			buildConfigurationList = 54BAF80A2C305D55007584B7 /* Build configuration list for PBXNativeTarget "Biondaeng" */;
			buildPhases = (
				0F9CF837165E4B05AD570BD3 /* [CP] Check Pods Manifest.lock */,
				54BAF7F22C305D54007584B7 /* Sources */,
				54BAF7F32C305D54007584B7 /* Frameworks */,
				54BAF7F42C305D54007584B7 /* Resources */,
				E13F09AAA0922CECF51547B7 /* [CP] Embed Pods Frameworks */,
			);
			buildRules = (
			);
			dependencies = (
			);
			name = Biondaeng;
			productName = Biondaeng;
			productReference = 54BAF7F62C305D54007584B7 /* Biondaeng.app */;
			productType = "com.apple.product-type.application";
		};
/* End PBXNativeTarget section */

/* Begin PBXProject section */
		54BAF7EE2C305D54007584B7 /* Project object */ = {
			isa = PBXProject;
			attributes = {
				BuildIndependentTargetsInParallel = 1;
				LastSwiftUpdateCheck = 1540;
				LastUpgradeCheck = 1540;
				TargetAttributes = {
					54BAF7F52C305D54007584B7 = {
						CreatedOnToolsVersion = 15.4;
					};
				};
			};
			buildConfigurationList = 54BAF7F12C305D54007584B7 /* Build configuration list for PBXProject "Biondaeng" */;
			compatibilityVersion = "Xcode 14.0";
			developmentRegion = en;
			hasScannedForEncodings = 0;
			knownRegions = (
				en,
				Base,
			);
			mainGroup = 54BAF7ED2C305D54007584B7;
			productRefGroup = 54BAF7F72C305D54007584B7 /* Products */;
			projectDirPath = "";
			projectRoot = "";
			targets = (
				54BAF7F52C305D54007584B7 /* Biondaeng */,
			);
		};
/* End PBXProject section */

/* Begin PBXResourcesBuildPhase section */
		54BAF7F42C305D54007584B7 /* Resources */ = {
			isa = PBXResourcesBuildPhase;
			buildActionMask = 2147483647;
			files = (
				54BAF8032C305D55007584B7 /* Assets.xcassets in Resources */,
				54BAF8062C305D55007584B7 /* Base in Resources */,
				54BAF8012C305D54007584B7 /* Base in Resources */,
				54F95ACF2C330BB80016E655 /* Pretendard-SemiBold.otf in Resources */,
			);
			runOnlyForDeploymentPostprocessing = 0;
		};
/* End PBXResourcesBuildPhase section */

/* Begin PBXShellScriptBuildPhase section */
		0F9CF837165E4B05AD570BD3 /* [CP] Check Pods Manifest.lock */ = {
			isa = PBXShellScriptBuildPhase;
			buildActionMask = 2147483647;
			files = (
			);
			inputFileListPaths = (
			);
			inputPaths = (
				"${PODS_PODFILE_DIR_PATH}/Podfile.lock",
				"${PODS_ROOT}/Manifest.lock",
			);
			name = "[CP] Check Pods Manifest.lock";
			outputFileListPaths = (
			);
			outputPaths = (
				"$(DERIVED_FILE_DIR)/Pods-Biondaeng-checkManifestLockResult.txt",
			);
			runOnlyForDeploymentPostprocessing = 0;
			shellPath = /bin/sh;
			shellScript = "diff \"${PODS_PODFILE_DIR_PATH}/Podfile.lock\" \"${PODS_ROOT}/Manifest.lock\" > /dev/null\nif [ $? != 0 ] ; then\n    # print error to STDERR\n    echo \"error: The sandbox is not in sync with the Podfile.lock. Run 'pod install' or update your CocoaPods installation.\" >&2\n    exit 1\nfi\n# This output is used by Xcode 'outputs' to avoid re-running this script phase.\necho \"SUCCESS\" > \"${SCRIPT_OUTPUT_FILE_0}\"\n";
			showEnvVarsInLog = 0;
		};
		E13F09AAA0922CECF51547B7 /* [CP] Embed Pods Frameworks */ = {
			isa = PBXShellScriptBuildPhase;
			buildActionMask = 2147483647;
			files = (
			);
			inputFileListPaths = (
				"${PODS_ROOT}/Target Support Files/Pods-Biondaeng/Pods-Biondaeng-frameworks-${CONFIGURATION}-input-files.xcfilelist",
			);
			name = "[CP] Embed Pods Frameworks";
			outputFileListPaths = (
				"${PODS_ROOT}/Target Support Files/Pods-Biondaeng/Pods-Biondaeng-frameworks-${CONFIGURATION}-output-files.xcfilelist",
			);
			runOnlyForDeploymentPostprocessing = 0;
			shellPath = /bin/sh;
			shellScript = "\"${PODS_ROOT}/Target Support Files/Pods-Biondaeng/Pods-Biondaeng-frameworks.sh\"\n";
			showEnvVarsInLog = 0;
		};
/* End PBXShellScriptBuildPhase section */

/* Begin PBXSourcesBuildPhase section */
		54BAF7F22C305D54007584B7 /* Sources */ = {
			isa = PBXSourcesBuildPhase;
			buildActionMask = 2147483647;
			files = (
				540F935A2C33272A00B03FC8 /* WelcomeViewController.swift in Sources */,
				54BAF7FA2C305D54007584B7 /* AppDelegate.swift in Sources */,
				54BAF7FC2C305D54007584B7 /* SceneDelegate.swift in Sources */,
			);
			runOnlyForDeploymentPostprocessing = 0;
		};
/* End PBXSourcesBuildPhase section */

/* Begin PBXVariantGroup section */
		54BAF7FF2C305D54007584B7 /* Main.storyboard */ = {
			isa = PBXVariantGroup;
			children = (
				54BAF8002C305D54007584B7 /* Base */,
			);
			name = Main.storyboard;
			sourceTree = "<group>";
		};
		54BAF8042C305D55007584B7 /* LaunchScreen.storyboard */ = {
			isa = PBXVariantGroup;
			children = (
				54BAF8052C305D55007584B7 /* Base */,
			);
			name = LaunchScreen.storyboard;
			sourceTree = "<group>";
		};
/* End PBXVariantGroup section */

/* Begin XCBuildConfiguration section */
		54BAF8082C305D55007584B7 /* Debug */ = {
			isa = XCBuildConfiguration;
			buildSettings = {
				ALWAYS_SEARCH_USER_PATHS = NO;
				ASSETCATALOG_COMPILER_GENERATE_SWIFT_ASSET_SYMBOL_EXTENSIONS = YES;
				CLANG_ANALYZER_NONNULL = YES;
				CLANG_ANALYZER_NUMBER_OBJECT_CONVERSION = YES_AGGRESSIVE;
				CLANG_CXX_LANGUAGE_STANDARD = "gnu++20";
				CLANG_ENABLE_MODULES = YES;
				CLANG_ENABLE_OBJC_ARC = YES;
				CLANG_ENABLE_OBJC_WEAK = YES;
				CLANG_WARN_BLOCK_CAPTURE_AUTORELEASING = YES;
				CLANG_WARN_BOOL_CONVERSION = YES;
				CLANG_WARN_COMMA = YES;
				CLANG_WARN_CONSTANT_CONVERSION = YES;
				CLANG_WARN_DEPRECATED_OBJC_IMPLEMENTATIONS = YES;
				CLANG_WARN_DIRECT_OBJC_ISA_USAGE = YES_ERROR;
				CLANG_WARN_DOCUMENTATION_COMMENTS = YES;
				CLANG_WARN_EMPTY_BODY = YES;
				CLANG_WARN_ENUM_CONVERSION = YES;
				CLANG_WARN_INFINITE_RECURSION = YES;
				CLANG_WARN_INT_CONVERSION = YES;
				CLANG_WARN_NON_LITERAL_NULL_CONVERSION = YES;
				CLANG_WARN_OBJC_IMPLICIT_RETAIN_SELF = YES;
				CLANG_WARN_OBJC_LITERAL_CONVERSION = YES;
				CLANG_WARN_OBJC_ROOT_CLASS = YES_ERROR;
				CLANG_WARN_QUOTED_INCLUDE_IN_FRAMEWORK_HEADER = YES;
				CLANG_WARN_RANGE_LOOP_ANALYSIS = YES;
				CLANG_WARN_STRICT_PROTOTYPES = YES;
				CLANG_WARN_SUSPICIOUS_MOVE = YES;
				CLANG_WARN_UNGUARDED_AVAILABILITY = YES_AGGRESSIVE;
				CLANG_WARN_UNREACHABLE_CODE = YES;
				CLANG_WARN__DUPLICATE_METHOD_MATCH = YES;
				COPY_PHASE_STRIP = NO;
				DEBUG_INFORMATION_FORMAT = dwarf;
				ENABLE_STRICT_OBJC_MSGSEND = YES;
				ENABLE_TESTABILITY = YES;
				ENABLE_USER_SCRIPT_SANDBOXING = NO;
				GCC_C_LANGUAGE_STANDARD = gnu17;
				GCC_DYNAMIC_NO_PIC = NO;
				GCC_NO_COMMON_BLOCKS = YES;
				GCC_OPTIMIZATION_LEVEL = 0;
				GCC_PREPROCESSOR_DEFINITIONS = (
					"DEBUG=1",
					"$(inherited)",
				);
				GCC_WARN_64_TO_32_BIT_CONVERSION = YES;
				GCC_WARN_ABOUT_RETURN_TYPE = YES_ERROR;
				GCC_WARN_UNDECLARED_SELECTOR = YES;
				GCC_WARN_UNINITIALIZED_AUTOS = YES_AGGRESSIVE;
				GCC_WARN_UNUSED_FUNCTION = YES;
				GCC_WARN_UNUSED_VARIABLE = YES;
				IPHONEOS_DEPLOYMENT_TARGET = 17.5;
				LOCALIZATION_PREFERS_STRING_CATALOGS = YES;
				MTL_ENABLE_DEBUG_INFO = INCLUDE_SOURCE;
				MTL_FAST_MATH = YES;
				ONLY_ACTIVE_ARCH = YES;
				SDKROOT = iphoneos;
				SWIFT_ACTIVE_COMPILATION_CONDITIONS = "DEBUG $(inherited)";
				SWIFT_OPTIMIZATION_LEVEL = "-Onone";
			};
			name = Debug;
		};
		54BAF8092C305D55007584B7 /* Release */ = {
			isa = XCBuildConfiguration;
			buildSettings = {
				ALWAYS_SEARCH_USER_PATHS = NO;
				ASSETCATALOG_COMPILER_GENERATE_SWIFT_ASSET_SYMBOL_EXTENSIONS = YES;
				CLANG_ANALYZER_NONNULL = YES;
				CLANG_ANALYZER_NUMBER_OBJECT_CONVERSION = YES_AGGRESSIVE;
				CLANG_CXX_LANGUAGE_STANDARD = "gnu++20";
				CLANG_ENABLE_MODULES = YES;
				CLANG_ENABLE_OBJC_ARC = YES;
				CLANG_ENABLE_OBJC_WEAK = YES;
				CLANG_WARN_BLOCK_CAPTURE_AUTORELEASING = YES;
				CLANG_WARN_BOOL_CONVERSION = YES;
				CLANG_WARN_COMMA = YES;
				CLANG_WARN_CONSTANT_CONVERSION = YES;
				CLANG_WARN_DEPRECATED_OBJC_IMPLEMENTATIONS = YES;
				CLANG_WARN_DIRECT_OBJC_ISA_USAGE = YES_ERROR;
				CLANG_WARN_DOCUMENTATION_COMMENTS = YES;
				CLANG_WARN_EMPTY_BODY = YES;
				CLANG_WARN_ENUM_CONVERSION = YES;
				CLANG_WARN_INFINITE_RECURSION = YES;
				CLANG_WARN_INT_CONVERSION = YES;
				CLANG_WARN_NON_LITERAL_NULL_CONVERSION = YES;
				CLANG_WARN_OBJC_IMPLICIT_RETAIN_SELF = YES;
				CLANG_WARN_OBJC_LITERAL_CONVERSION = YES;
				CLANG_WARN_OBJC_ROOT_CLASS = YES_ERROR;
				CLANG_WARN_QUOTED_INCLUDE_IN_FRAMEWORK_HEADER = YES;
				CLANG_WARN_RANGE_LOOP_ANALYSIS = YES;
				CLANG_WARN_STRICT_PROTOTYPES = YES;
				CLANG_WARN_SUSPICIOUS_MOVE = YES;
				CLANG_WARN_UNGUARDED_AVAILABILITY = YES_AGGRESSIVE;
				CLANG_WARN_UNREACHABLE_CODE = YES;
				CLANG_WARN__DUPLICATE_METHOD_MATCH = YES;
				COPY_PHASE_STRIP = NO;
				DEBUG_INFORMATION_FORMAT = "dwarf-with-dsym";
				ENABLE_NS_ASSERTIONS = NO;
				ENABLE_STRICT_OBJC_MSGSEND = YES;
				ENABLE_USER_SCRIPT_SANDBOXING = NO;
				GCC_C_LANGUAGE_STANDARD = gnu17;
				GCC_NO_COMMON_BLOCKS = YES;
				GCC_WARN_64_TO_32_BIT_CONVERSION = YES;
				GCC_WARN_ABOUT_RETURN_TYPE = YES_ERROR;
				GCC_WARN_UNDECLARED_SELECTOR = YES;
				GCC_WARN_UNINITIALIZED_AUTOS = YES_AGGRESSIVE;
				GCC_WARN_UNUSED_FUNCTION = YES;
				GCC_WARN_UNUSED_VARIABLE = YES;
				IPHONEOS_DEPLOYMENT_TARGET = 17.5;
				LOCALIZATION_PREFERS_STRING_CATALOGS = YES;
				MTL_ENABLE_DEBUG_INFO = NO;
				MTL_FAST_MATH = YES;
				SDKROOT = iphoneos;
				SWIFT_COMPILATION_MODE = wholemodule;
				VALIDATE_PRODUCT = YES;
			};
			name = Release;
		};
		54BAF80B2C305D55007584B7 /* Debug */ = {
			isa = XCBuildConfiguration;
			baseConfigurationReference = FF1A760C208DB9BE80150829 /* Pods-Biondaeng.debug.xcconfig */;
			buildSettings = {
				ASSETCATALOG_COMPILER_APPICON_NAME = AppIcon;
				ASSETCATALOG_COMPILER_GLOBAL_ACCENT_COLOR_NAME = AccentColor;
				CODE_SIGN_STYLE = Automatic;
				CURRENT_PROJECT_VERSION = 1;
				GENERATE_INFOPLIST_FILE = YES;
				INFOPLIST_FILE = Biondaeng/Info.plist;
				INFOPLIST_KEY_UIApplicationSupportsIndirectInputEvents = YES;
				INFOPLIST_KEY_UILaunchStoryboardName = LaunchScreen;
				INFOPLIST_KEY_UIMainStoryboardFile = Main;
				INFOPLIST_KEY_UISupportedInterfaceOrientations_iPad = "UIInterfaceOrientationPortrait UIInterfaceOrientationPortraitUpsideDown UIInterfaceOrientationLandscapeLeft UIInterfaceOrientationLandscapeRight";
				INFOPLIST_KEY_UISupportedInterfaceOrientations_iPhone = "UIInterfaceOrientationPortrait UIInterfaceOrientationLandscapeLeft UIInterfaceOrientationLandscapeRight";
				IPHONEOS_DEPLOYMENT_TARGET = 13.0;
				LD_RUNPATH_SEARCH_PATHS = (
					"$(inherited)",
					"@executable_path/Frameworks",
				);
				MARKETING_VERSION = 1.0;
				PRODUCT_BUNDLE_IDENTIFIER = com.Biondaeng;
				PRODUCT_NAME = "$(TARGET_NAME)";
				SWIFT_EMIT_LOC_STRINGS = YES;
				SWIFT_VERSION = 5.0;
				TARGETED_DEVICE_FAMILY = "1,2";
			};
			name = Debug;
		};
		54BAF80C2C305D55007584B7 /* Release */ = {
			isa = XCBuildConfiguration;
			baseConfigurationReference = FB6AEC6C2F5D6B6245D014AE /* Pods-Biondaeng.release.xcconfig */;
			buildSettings = {
				ASSETCATALOG_COMPILER_APPICON_NAME = AppIcon;
				ASSETCATALOG_COMPILER_GLOBAL_ACCENT_COLOR_NAME = AccentColor;
				CODE_SIGN_STYLE = Automatic;
				CURRENT_PROJECT_VERSION = 1;
				GENERATE_INFOPLIST_FILE = YES;
				INFOPLIST_FILE = Biondaeng/Info.plist;
				INFOPLIST_KEY_UIApplicationSupportsIndirectInputEvents = YES;
				INFOPLIST_KEY_UILaunchStoryboardName = LaunchScreen;
				INFOPLIST_KEY_UIMainStoryboardFile = Main;
				INFOPLIST_KEY_UISupportedInterfaceOrientations_iPad = "UIInterfaceOrientationPortrait UIInterfaceOrientationPortraitUpsideDown UIInterfaceOrientationLandscapeLeft UIInterfaceOrientationLandscapeRight";
				INFOPLIST_KEY_UISupportedInterfaceOrientations_iPhone = "UIInterfaceOrientationPortrait UIInterfaceOrientationLandscapeLeft UIInterfaceOrientationLandscapeRight";
				IPHONEOS_DEPLOYMENT_TARGET = 13.0;
				LD_RUNPATH_SEARCH_PATHS = (
					"$(inherited)",
					"@executable_path/Frameworks",
				);
				MARKETING_VERSION = 1.0;
				PRODUCT_BUNDLE_IDENTIFIER = com.Biondaeng;
				PRODUCT_NAME = "$(TARGET_NAME)";
				SWIFT_EMIT_LOC_STRINGS = YES;
				SWIFT_VERSION = 5.0;
				TARGETED_DEVICE_FAMILY = "1,2";
			};
			name = Release;
		};
/* End XCBuildConfiguration section */

/* Begin XCConfigurationList section */
		54BAF7F12C305D54007584B7 /* Build configuration list for PBXProject "Biondaeng" */ = {
			isa = XCConfigurationList;
			buildConfigurations = (
				54BAF8082C305D55007584B7 /* Debug */,
				54BAF8092C305D55007584B7 /* Release */,
			);
			defaultConfigurationIsVisible = 0;
			defaultConfigurationName = Release;
		};
		54BAF80A2C305D55007584B7 /* Build configuration list for PBXNativeTarget "Biondaeng" */ = {
			isa = XCConfigurationList;
			buildConfigurations = (
				54BAF80B2C305D55007584B7 /* Debug */,
				54BAF80C2C305D55007584B7 /* Release */,
			);
			defaultConfigurationIsVisible = 0;
			defaultConfigurationName = Release;
		};
/* End XCConfigurationList section */
	};
	rootObject = 54BAF7EE2C305D54007584B7 /* Project object */;
}
